
Microsoft Visual Studio Solution File, Format Version 12.00
# Visual Studio 15
Project("{FAE04EC0-301F-11D3-BF4B-00C04F79EFBC}") = "Assembly-CSharp", "Assembly-CSharp.csproj", "{CEC24DCF-9ECF-9D00-53FA-F14652E11BC4}"
EndProject
Project("{FAE04EC0-301F-11D3-BF4B-00C04F79EFBC}") = "Assembly-CSharp-firstpass", "Assembly-CSharp-firstpass.csproj", "{1F167EF8-1769-CD14-1C5F-79FAD2C82085}"
EndProject
Project("{FAE04EC0-301F-11D3-BF4B-00C04F79EFBC}") = "Assembly-CSharp-Editor-firstpass", "Assembly-CSharp-Editor-firstpass.csproj", "{2D217D0A-9E0B-A575-61EC-8A6B2F743E7A}"
EndProject
Global
	GlobalSection(SolutionConfigurationPlatforms) = preSolution
		Debug|Any CPU = Debug|Any CPU
		Release|Any CPU = Release|Any CPU
	EndGlobalSection
	GlobalSection(ProjectConfigurationPlatforms) = postSolution
		{CEC24DCF-9ECF-9D00-53FA-F14652E11BC4}.Debug|Any CPU.ActiveCfg = Debug|Any CPU
		{CEC24DCF-9ECF-9D00-53FA-F14652E11BC4}.Debug|Any CPU.Build.0 = Debug|Any CPU
		{CEC24DCF-9ECF-9D00-53FA-F14652E11BC4}.Release|Any CPU.ActiveCfg = Release|Any CPU
		{CEC24DCF-9ECF-9D00-53FA-F14652E11BC4}.Release|Any CPU.Build.0 = Release|Any CPU
		{1F167EF8-1769-CD14-1C5F-79FAD2C82085}.Debug|Any CPU.ActiveCfg = Debug|Any CPU
		{1F167EF8-1769-CD14-1C5F-79FAD2C82085}.Debug|Any CPU.Build.0 = Debug|Any CPU
		{1F167EF8-1769-CD14-1C5F-79FAD2C82085}.Release|Any CPU.ActiveCfg = Release|Any CPU
		{1F167EF8-1769-CD14-1C5F-79FAD2C82085}.Release|Any CPU.Build.0 = Release|Any CPU
		{2D217D0A-9E0B-A575-61EC-8A6B2F743E7A}.Debug|Any CPU.ActiveCfg = Debug|Any CPU
		{2D217D0A-9E0B-A575-61EC-8A6B2F743E7A}.Debug|Any CPU.Build.0 = Debug|Any CPU
		{2D217D0A-9E0B-A575-61EC-8A6B2F743E7A}.Release|Any CPU.ActiveCfg = Release|Any CPU
		{2D217D0A-9E0B-A575-61EC-8A6B2F743E7A}.Release|Any CPU.Build.0 = Release|Any CPU
	EndGlobalSection
	GlobalSection(SolutionProperties) = preSolution
		HideSolutionNode = FALSE
	EndGlobalSection
EndGlobal
